# @generated - this file is auto-generated by `mise lock` https://mise.en.dev/dev-tools/mise-lock.html

[[tools."aqua:rvben/rumdl"]]
version = "0.2.7"
backend = "aqua:rvben/rumdl"

[tools."aqua:rvben/rumdl"."platforms.linux-x64"]
checksum = "sha256:a7a3d78338280166d546c1eb97f203a4be2a57f4a9191e720afe9d9e44fa430e"
url = "https://github.com/rvben/rumdl/releases/download/v0.2.7/rumdl-v0.2.7-x86_64-unknown-linux-musl.tar.gz"
provenance = "github-attestations"

[tools."aqua:rvben/rumdl"."platforms.macos-arm64"]
checksum = "sha256:68b8c7895a8a1bddf09de4942f1d501003889274b24d5ab6e499a7fa8f9f22db"
url = "https://github.com/rvben/rumdl/releases/download/v0.2.7/rumdl-v0.2.7-aarch64-apple-darwin.tar.gz"
provenance = "github-attestations"

[[tools.go]]
version = "1.24.13"
backend = "core:go"

[tools.go."platforms.linux-x64"]
checksum = "sha256:1fc94b57134d51669c72173ad5d49fd62afb0f1db9bf3f798fd98ee423f8d730"
url = "https://dl.google.com/go/go1.24.13.linux-amd64.tar.gz"

[tools.go."platforms.macos-arm64"]
checksum = "sha256:f282d882c3353485e2fc6c634606d85caf36e855167d59b996dbeae19fa7629a"
url = "https://dl.google.com/go/go1.24.13.darwin-arm64.tar.gz"

[[tools."go:sigs.k8s.io/controller-tools/cmd/controller-gen"]]
version = "0.20.0"
backend = "go:sigs.k8s.io/controller-tools/cmd/controller-gen"

[[tools.golangci-lint]]
version = "2.5.0"
backend = "aqua:golangci/golangci-lint"

[tools.golangci-lint."platforms.linux-x64"]
checksum = "sha256:c77313a77e19b06123962c411d9943cc0d092bbec76b956104d18964e274902e"
url = "https://github.com/golangci/golangci-lint/releases/download/v2.5.0/golangci-lint-2.5.0-linux-amd64.tar.gz"

[tools.golangci-lint."platforms.macos-arm64"]
checksum = "sha256:0b3cbdc2a2472f60b538ebccb1b2e1ae5d938a051c010591aa68c6efd3706672"
url = "https://github.com/golangci/golangci-lint/releases/download/v2.5.0/golangci-lint-2.5.0-darwin-arm64.tar.gz"

[[tools.setup-envtest]]
version = "0.24.1"
backend = "aqua:kubernetes-sigs/controller-runtime/setup-envtest"

[tools.setup-envtest."platforms.linux-x64"]
checksum = "sha256:a9a78fadfc338a38188332f36863c76877f1c86df1a83d2241d2bfc3935297d2"
url = "https://github.com/kubernetes-sigs/controller-runtime/releases/download/v0.24.1/setup-envtest-linux-amd64"

[tools.setup-envtest."platforms.macos-arm64"]
checksum = "sha256:7e59a0d526f6946aa2f114d34b2e309639c811f3a4f83d56f37b6e3197c6fdfb"
url = "https://github.com/kubernetes-sigs/controller-runtime/releases/download/v0.24.1/setup-envtest-darwin-arm64"

[[tools.shellcheck]]
version = "0.11.0"
backend = "aqua:koalaman/shellcheck"

[tools.shellcheck."platforms.linux-x64"]
checksum = "sha256:8c3be12b05d5c177a04c29e3c78ce89ac86f1595681cab149b65b97c4e227198"
url = "https://github.com/koalaman/shellcheck/releases/download/v0.11.0/shellcheck-v0.11.0.linux.x86_64.tar.xz"

[tools.shellcheck."platforms.macos-arm64"]
checksum = "sha256:56affdd8de5527894dca6dc3d7e0a99a873b0f004d7aabc30ae407d3f48b0a79"
url = "https://github.com/koalaman/shellcheck/releases/download/v0.11.0/shellcheck-v0.11.0.darwin.aarch64.tar.xz"
